
Microsoft Visual Studio Solution File, Format Version 12.00
# Visual Studio Version 17
VisualStudioVersion = 17.0.31903.59
MinimumVisualStudioVersion = 10.0.40219.1
Project("{FAE04EC0-301F-11D3-BF4B-00C04F79EFBC}") = "API", "API\API.csproj", "{527DF7FE-30E3-4641-80FE-CED0DC2166E6}"
EndProject
Project("{FAE04EC0-301F-11D3-BF4B-00C04F79EFBC}") = "Application", "Application\Application.csproj", "{728E80C6-1133-48AB-B28C-9655E5B7BD03}"
EndProject
Project("{FAE04EC0-301F-11D3-BF4B-00C04F79EFBC}") = "Domain", "Domain\Domain.csproj", "{A77CE21B-AF02-4BCB-A8B9-444BC0FD69A4}"
EndProject
Project("{FAE04EC0-301F-11D3-BF4B-00C04F79EFBC}") = "Persistence", "Persistence\Persistence.csproj", "{DE28D70B-9DBB-4FD2-AAD7-6E7EFF82BA93}"
EndProject
Global
	GlobalSection(SolutionConfigurationPlatforms) = preSolution
		Debug|Any CPU = Debug|Any CPU
		Release|Any CPU = Release|Any CPU
	EndGlobalSection
	GlobalSection(SolutionProperties) = preSolution
		HideSolutionNode = FALSE
	EndGlobalSection
	GlobalSection(ProjectConfigurationPlatforms) = postSolution
		{527DF7FE-30E3-4641-80FE-CED0DC2166E6}.Debug|Any CPU.ActiveCfg = Debug|Any CPU
		{527DF7FE-30E3-4641-80FE-CED0DC2166E6}.Debug|Any CPU.Build.0 = Debug|Any CPU
		{527DF7FE-30E3-4641-80FE-CED0DC2166E6}.Release|Any CPU.ActiveCfg = Release|Any CPU
		{527DF7FE-30E3-4641-80FE-CED0DC2166E6}.Release|Any CPU.Build.0 = Release|Any CPU
		{728E80C6-1133-48AB-B28C-9655E5B7BD03}.Debug|Any CPU.ActiveCfg = Debug|Any CPU
		{728E80C6-1133-48AB-B28C-9655E5B7BD03}.Debug|Any CPU.Build.0 = Debug|Any CPU
		{728E80C6-1133-48AB-B28C-9655E5B7BD03}.Release|Any CPU.ActiveCfg = Release|Any CPU
		{728E80C6-1133-48AB-B28C-9655E5B7BD03}.Release|Any CPU.Build.0 = Release|Any CPU
		{A77CE21B-AF02-4BCB-A8B9-444BC0FD69A4}.Debug|Any CPU.ActiveCfg = Debug|Any CPU
		{A77CE21B-AF02-4BCB-A8B9-444BC0FD69A4}.Debug|Any CPU.Build.0 = Debug|Any CPU
		{A77CE21B-AF02-4BCB-A8B9-444BC0FD69A4}.Release|Any CPU.ActiveCfg = Release|Any CPU
		{A77CE21B-AF02-4BCB-A8B9-444BC0FD69A4}.Release|Any CPU.Build.0 = Release|Any CPU
		{DE28D70B-9DBB-4FD2-AAD7-6E7EFF82BA93}.Debug|Any CPU.ActiveCfg = Debug|Any CPU
		{DE28D70B-9DBB-4FD2-AAD7-6E7EFF82BA93}.Debug|Any CPU.Build.0 = Debug|Any CPU
		{DE28D70B-9DBB-4FD2-AAD7-6E7EFF82BA93}.Release|Any CPU.ActiveCfg = Release|Any CPU
		{DE28D70B-9DBB-4FD2-AAD7-6E7EFF82BA93}.Release|Any CPU.Build.0 = Release|Any CPU
	EndGlobalSection
EndGlobal
